
Microsoft Visual Studio Solution File, Format Version 12.00
# Visual Studio Version 17
VisualStudioVersion = 17.0.31903.59
MinimumVisualStudioVersion = 10.0.40219.1
Project("{2150E333-8FDC-42A3-9474-1A3956D46DE8}") = "src", "src", "{A39E0050-A5A1-4D1A-A255-6D5041E1FEB0}"
EndProject
Project("{2150E333-8FDC-42A3-9474-1A3956D46DE8}") = "AccountCatalog", "AccountCatalog", "{40FCED29-B936-4648-9D48-2CB16F2CCA90}"
EndProject
Project("{2150E333-8FDC-42A3-9474-1A3956D46DE8}") = "Order", "Order", "{C7A77E37-9020-475A-A56A-BE1D86CEBA1C}"
EndProject
Project("{2150E333-8FDC-42A3-9474-1A3956D46DE8}") = "Payment", "Payment", "{774BBD8C-FD13-47DB-A3B1-931698246991}"
EndProject
Project("{2150E333-8FDC-42A3-9474-1A3956D46DE8}") = "About", "About", "{8CCC7D27-804B-420F-9F33-6A5298589423}"
EndProject
Project("{FAE04EC0-301F-11D3-BF4B-00C04F79EFBC}") = "AccountCatalog.API", "src\AccountCatalog\AccountCatalog.API\AccountCatalog.API.csproj", "{9AFBB4B5-39B1-4C90-9175-0AAEF371AB68}"
EndProject
Project("{FAE04EC0-301F-11D3-BF4B-00C04F79EFBC}") = "AccountCatalog.Application", "src\AccountCatalog\AccountCatalog.Application\AccountCatalog.Application.csproj", "{99972AB2-A48D-47A4-9E49-E257A2674080}"
EndProject
Project("{FAE04EC0-301F-11D3-BF4B-00C04F79EFBC}") = "AccountCatalog.Domain", "src\AccountCatalog\AccountCatalog.Domain\AccountCatalog.Domain.csproj", "{3B80C29F-AAE8-4A2E-AD0F-D5605735D86A}"
EndProject
Project("{FAE04EC0-301F-11D3-BF4B-00C04F79EFBC}") = "AccountCatalog.Infrastructure", "src\AccountCatalog\AccountCatalog.Infrastructure\AccountCatalog.Infrastructure.csproj", "{CACEAAF5-9AE9-44D3-9168-021DC1497908}"
EndProject
Project("{FAE04EC0-301F-11D3-BF4B-00C04F79EFBC}") = "About.API", "src\About\About.API\About.API.csproj", "{1C92DA03-D6E0-49D1-B1D6-CF317F0FE49E}"
EndProject
Project("{FAE04EC0-301F-11D3-BF4B-00C04F79EFBC}") = "About.Application", "src\About\About.Application\About.Application.csproj", "{71AA3743-D5B8-4074-BADA-9CF65383D825}"
EndProject
Project("{FAE04EC0-301F-11D3-BF4B-00C04F79EFBC}") = "About.Domain", "src\About\About.Domain\About.Domain.csproj", "{0B46101D-D450-4A3A-A3A9-580CB23B1790}"
EndProject
Project("{FAE04EC0-301F-11D3-BF4B-00C04F79EFBC}") = "About.Infrastructure", "src\About\About.Infrastructure\About.Infrastructure.csproj", "{624EA98E-8619-4ED4-98EB-8B59B9B127BB}"
EndProject
Project("{FAE04EC0-301F-11D3-BF4B-00C04F79EFBC}") = "Order.API", "src\Order\Order.API\Order.API.csproj", "{EC97C5CE-8823-452C-BCCF-F9B8012D13BB}"
EndProject
Project("{FAE04EC0-301F-11D3-BF4B-00C04F79EFBC}") = "Order.Application", "src\Order\Order.Application\Order.Application.csproj", "{42468400-0E3F-4873-9B72-328F3D2B5CAF}"
EndProject
Project("{FAE04EC0-301F-11D3-BF4B-00C04F79EFBC}") = "Order.Domain", "src\Order\Order.Domain\Order.Domain.csproj", "{EC33DE32-D9A9-47F8-8E64-C2F8FE24CB53}"
EndProject
Project("{FAE04EC0-301F-11D3-BF4B-00C04F79EFBC}") = "Order.Infrastructure", "src\Order\Order.Infrastructure\Order.Infrastructure.csproj", "{AAB64498-872A-44BD-B66D-C9DECEF43E92}"
EndProject
Project("{FAE04EC0-301F-11D3-BF4B-00C04F79EFBC}") = "Payment.API", "src\Payment\Payment.API\Payment.API.csproj", "{2EA2DDFF-76C2-415A-827E-231F0199D3B0}"
EndProject
Project("{FAE04EC0-301F-11D3-BF4B-00C04F79EFBC}") = "Payment.Application", "src\Payment\Payment.Application\Payment.Application.csproj", "{C7A1126C-5A67-4D60-8926-01CF0DD0C9AB}"
EndProject
Project("{FAE04EC0-301F-11D3-BF4B-00C04F79EFBC}") = "Payment.Domain", "src\Payment\Payment.Domain\Payment.Domain.csproj", "{573937FA-C07A-4F16-B187-E934E07F7533}"
EndProject
Project("{FAE04EC0-301F-11D3-BF4B-00C04F79EFBC}") = "Payment.Infrastructure", "src\Payment\Payment.Infrastructure\Payment.Infrastructure.csproj", "{76161703-D124-4F3A-A037-D027A0C6DFA6}"
EndProject
Project("{2150E333-8FDC-42A3-9474-1A3956D46DE8}") = "APIGateway", "APIGateway", "{D023388F-2329-4081-8F42-C65B941FF0C5}"
EndProject
Project("{FAE04EC0-301F-11D3-BF4B-00C04F79EFBC}") = "Gateway.API", "src\Gateway.API\Gateway.API.csproj", "{21B2A159-EBCE-4C41-B877-553173CD855F}"
EndProject
Global
	GlobalSection(SolutionConfigurationPlatforms) = preSolution
		Debug|Any CPU = Debug|Any CPU
		Release|Any CPU = Release|Any CPU
	EndGlobalSection
	GlobalSection(SolutionProperties) = preSolution
		HideSolutionNode = FALSE
	EndGlobalSection
	GlobalSection(ProjectConfigurationPlatforms) = postSolution
		{9AFBB4B5-39B1-4C90-9175-0AAEF371AB68}.Debug|Any CPU.ActiveCfg = Debug|Any CPU
		{9AFBB4B5-39B1-4C90-9175-0AAEF371AB68}.Debug|Any CPU.Build.0 = Debug|Any CPU
		{9AFBB4B5-39B1-4C90-9175-0AAEF371AB68}.Release|Any CPU.ActiveCfg = Release|Any CPU
		{9AFBB4B5-39B1-4C90-9175-0AAEF371AB68}.Release|Any CPU.Build.0 = Release|Any CPU
		{99972AB2-A48D-47A4-9E49-E257A2674080}.Debug|Any CPU.ActiveCfg = Debug|Any CPU
		{99972AB2-A48D-47A4-9E49-E257A2674080}.Debug|Any CPU.Build.0 = Debug|Any CPU
		{99972AB2-A48D-47A4-9E49-E257A2674080}.Release|Any CPU.ActiveCfg = Release|Any CPU
		{99972AB2-A48D-47A4-9E49-E257A2674080}.Release|Any CPU.Build.0 = Release|Any CPU
		{3B80C29F-AAE8-4A2E-AD0F-D5605735D86A}.Debug|Any CPU.ActiveCfg = Debug|Any CPU
		{3B80C29F-AAE8-4A2E-AD0F-D5605735D86A}.Debug|Any CPU.Build.0 = Debug|Any CPU
		{3B80C29F-AAE8-4A2E-AD0F-D5605735D86A}.Release|Any CPU.ActiveCfg = Release|Any CPU
		{3B80C29F-AAE8-4A2E-AD0F-D5605735D86A}.Release|Any CPU.Build.0 = Release|Any CPU
		{CACEAAF5-9AE9-44D3-9168-021DC1497908}.Debug|Any CPU.ActiveCfg = Debug|Any CPU
		{CACEAAF5-9AE9-44D3-9168-021DC1497908}.Debug|Any CPU.Build.0 = Debug|Any CPU
		{CACEAAF5-9AE9-44D3-9168-021DC1497908}.Release|Any CPU.ActiveCfg = Release|Any CPU
		{CACEAAF5-9AE9-44D3-9168-021DC1497908}.Release|Any CPU.Build.0 = Release|Any CPU
		{1C92DA03-D6E0-49D1-B1D6-CF317F0FE49E}.Debug|Any CPU.ActiveCfg = Debug|Any CPU
		{1C92DA03-D6E0-49D1-B1D6-CF317F0FE49E}.Debug|Any CPU.Build.0 = Debug|Any CPU
		{1C92DA03-D6E0-49D1-B1D6-CF317F0FE49E}.Release|Any CPU.ActiveCfg = Release|Any CPU
		{1C92DA03-D6E0-49D1-B1D6-CF317F0FE49E}.Release|Any CPU.Build.0 = Release|Any CPU
		{71AA3743-D5B8-4074-BADA-9CF65383D825}.Debug|Any CPU.ActiveCfg = Debug|Any CPU
		{71AA3743-D5B8-4074-BADA-9CF65383D825}.Debug|Any CPU.Build.0 = Debug|Any CPU
		{71AA3743-D5B8-4074-BADA-9CF65383D825}.Release|Any CPU.ActiveCfg = Release|Any CPU
		{71AA3743-D5B8-4074-BADA-9CF65383D825}.Release|Any CPU.Build.0 = Release|Any CPU
		{0B46101D-D450-4A3A-A3A9-580CB23B1790}.Debug|Any CPU.ActiveCfg = Debug|Any CPU
		{0B46101D-D450-4A3A-A3A9-580CB23B1790}.Debug|Any CPU.Build.0 = Debug|Any CPU
		{0B46101D-D450-4A3A-A3A9-580CB23B1790}.Release|Any CPU.ActiveCfg = Release|Any CPU
		{0B46101D-D450-4A3A-A3A9-580CB23B1790}.Release|Any CPU.Build.0 = Release|Any CPU
		{624EA98E-8619-4ED4-98EB-8B59B9B127BB}.Debug|Any CPU.ActiveCfg = Debug|Any CPU
		{624EA98E-8619-4ED4-98EB-8B59B9B127BB}.Debug|Any CPU.Build.0 = Debug|Any CPU
		{624EA98E-8619-4ED4-98EB-8B59B9B127BB}.Release|Any CPU.ActiveCfg = Release|Any CPU
		{624EA98E-8619-4ED4-98EB-8B59B9B127BB}.Release|Any CPU.Build.0 = Release|Any CPU
		{EC97C5CE-8823-452C-BCCF-F9B8012D13BB}.Debug|Any CPU.ActiveCfg = Debug|Any CPU
		{EC97C5CE-8823-452C-BCCF-F9B8012D13BB}.Debug|Any CPU.Build.0 = Debug|Any CPU
		{EC97C5CE-8823-452C-BCCF-F9B8012D13BB}.Release|Any CPU.ActiveCfg = Release|Any CPU
		{EC97C5CE-8823-452C-BCCF-F9B8012D13BB}.Release|Any CPU.Build.0 = Release|Any CPU
		{42468400-0E3F-4873-9B72-328F3D2B5CAF}.Debug|Any CPU.ActiveCfg = Debug|Any CPU
		{42468400-0E3F-4873-9B72-328F3D2B5CAF}.Debug|Any CPU.Build.0 = Debug|Any CPU
		{42468400-0E3F-4873-9B72-328F3D2B5CAF}.Release|Any CPU.ActiveCfg = Release|Any CPU
		{42468400-0E3F-4873-9B72-328F3D2B5CAF}.Release|Any CPU.Build.0 = Release|Any CPU
		{EC33DE32-D9A9-47F8-8E64-C2F8FE24CB53}.Debug|Any CPU.ActiveCfg = Debug|Any CPU
		{EC33DE32-D9A9-47F8-8E64-C2F8FE24CB53}.Debug|Any CPU.Build.0 = Debug|Any CPU
		{EC33DE32-D9A9-47F8-8E64-C2F8FE24CB53}.Release|Any CPU.ActiveCfg = Release|Any CPU
		{EC33DE32-D9A9-47F8-8E64-C2F8FE24CB53}.Release|Any CPU.Build.0 = Release|Any CPU
		{AAB64498-872A-44BD-B66D-C9DECEF43E92}.Debug|Any CPU.ActiveCfg = Debug|Any CPU
		{AAB64498-872A-44BD-B66D-C9DECEF43E92}.Debug|Any CPU.Build.0 = Debug|Any CPU
		{AAB64498-872A-44BD-B66D-C9DECEF43E92}.Release|Any CPU.ActiveCfg = Release|Any CPU
		{AAB64498-872A-44BD-B66D-C9DECEF43E92}.Release|Any CPU.Build.0 = Release|Any CPU
		{2EA2DDFF-76C2-415A-827E-231F0199D3B0}.Debug|Any CPU.ActiveCfg = Debug|Any CPU
		{2EA2DDFF-76C2-415A-827E-231F0199D3B0}.Debug|Any CPU.Build.0 = Debug|Any CPU
		{2EA2DDFF-76C2-415A-827E-231F0199D3B0}.Release|Any CPU.ActiveCfg = Release|Any CPU
		{2EA2DDFF-76C2-415A-827E-231F0199D3B0}.Release|Any CPU.Build.0 = Release|Any CPU
		{C7A1126C-5A67-4D60-8926-01CF0DD0C9AB}.Debug|Any CPU.ActiveCfg = Debug|Any CPU
		{C7A1126C-5A67-4D60-8926-01CF0DD0C9AB}.Debug|Any CPU.Build.0 = Debug|Any CPU
		{C7A1126C-5A67-4D60-8926-01CF0DD0C9AB}.Release|Any CPU.ActiveCfg = Release|Any CPU
		{C7A1126C-5A67-4D60-8926-01CF0DD0C9AB}.Release|Any CPU.Build.0 = Release|Any CPU
		{573937FA-C07A-4F16-B187-E934E07F7533}.Debug|Any CPU.ActiveCfg = Debug|Any CPU
		{573937FA-C07A-4F16-B187-E934E07F7533}.Debug|Any CPU.Build.0 = Debug|Any CPU
		{573937FA-C07A-4F16-B187-E934E07F7533}.Release|Any CPU.ActiveCfg = Release|Any CPU
		{573937FA-C07A-4F16-B187-E934E07F7533}.Release|Any CPU.Build.0 = Release|Any CPU
		{76161703-D124-4F3A-A037-D027A0C6DFA6}.Debug|Any CPU.ActiveCfg = Debug|Any CPU
		{76161703-D124-4F3A-A037-D027A0C6DFA6}.Debug|Any CPU.Build.0 = Debug|Any CPU
		{76161703-D124-4F3A-A037-D027A0C6DFA6}.Release|Any CPU.ActiveCfg = Release|Any CPU
		{76161703-D124-4F3A-A037-D027A0C6DFA6}.Release|Any CPU.Build.0 = Release|Any CPU
		{21B2A159-EBCE-4C41-B877-553173CD855F}.Debug|Any CPU.ActiveCfg = Debug|Any CPU
		{21B2A159-EBCE-4C41-B877-553173CD855F}.Debug|Any CPU.Build.0 = Debug|Any CPU
		{21B2A159-EBCE-4C41-B877-553173CD855F}.Release|Any CPU.ActiveCfg = Release|Any CPU
		{21B2A159-EBCE-4C41-B877-553173CD855F}.Release|Any CPU.Build.0 = Release|Any CPU
	EndGlobalSection
	GlobalSection(NestedProjects) = preSolution
		{40FCED29-B936-4648-9D48-2CB16F2CCA90} = {A39E0050-A5A1-4D1A-A255-6D5041E1FEB0}
		{C7A77E37-9020-475A-A56A-BE1D86CEBA1C} = {A39E0050-A5A1-4D1A-A255-6D5041E1FEB0}
		{774BBD8C-FD13-47DB-A3B1-931698246991} = {A39E0050-A5A1-4D1A-A255-6D5041E1FEB0}
		{8CCC7D27-804B-420F-9F33-6A5298589423} = {A39E0050-A5A1-4D1A-A255-6D5041E1FEB0}
		{9AFBB4B5-39B1-4C90-9175-0AAEF371AB68} = {40FCED29-B936-4648-9D48-2CB16F2CCA90}
		{99972AB2-A48D-47A4-9E49-E257A2674080} = {40FCED29-B936-4648-9D48-2CB16F2CCA90}
		{3B80C29F-AAE8-4A2E-AD0F-D5605735D86A} = {40FCED29-B936-4648-9D48-2CB16F2CCA90}
		{CACEAAF5-9AE9-44D3-9168-021DC1497908} = {40FCED29-B936-4648-9D48-2CB16F2CCA90}
		{1C92DA03-D6E0-49D1-B1D6-CF317F0FE49E} = {8CCC7D27-804B-420F-9F33-6A5298589423}
		{71AA3743-D5B8-4074-BADA-9CF65383D825} = {8CCC7D27-804B-420F-9F33-6A5298589423}
		{0B46101D-D450-4A3A-A3A9-580CB23B1790} = {8CCC7D27-804B-420F-9F33-6A5298589423}
		{624EA98E-8619-4ED4-98EB-8B59B9B127BB} = {8CCC7D27-804B-420F-9F33-6A5298589423}
		{EC97C5CE-8823-452C-BCCF-F9B8012D13BB} = {C7A77E37-9020-475A-A56A-BE1D86CEBA1C}
		{42468400-0E3F-4873-9B72-328F3D2B5CAF} = {C7A77E37-9020-475A-A56A-BE1D86CEBA1C}
		{EC33DE32-D9A9-47F8-8E64-C2F8FE24CB53} = {C7A77E37-9020-475A-A56A-BE1D86CEBA1C}
		{AAB64498-872A-44BD-B66D-C9DECEF43E92} = {C7A77E37-9020-475A-A56A-BE1D86CEBA1C}
		{2EA2DDFF-76C2-415A-827E-231F0199D3B0} = {774BBD8C-FD13-47DB-A3B1-931698246991}
		{C7A1126C-5A67-4D60-8926-01CF0DD0C9AB} = {774BBD8C-FD13-47DB-A3B1-931698246991}
		{573937FA-C07A-4F16-B187-E934E07F7533} = {774BBD8C-FD13-47DB-A3B1-931698246991}
		{76161703-D124-4F3A-A037-D027A0C6DFA6} = {774BBD8C-FD13-47DB-A3B1-931698246991}
		{D023388F-2329-4081-8F42-C65B941FF0C5} = {A39E0050-A5A1-4D1A-A255-6D5041E1FEB0}
		{21B2A159-EBCE-4C41-B877-553173CD855F} = {D023388F-2329-4081-8F42-C65B941FF0C5}
	EndGlobalSection
EndGlobal
